
Microsoft Visual Studio Solution File, Format Version 12.00
# Visual Studio Version 16
VisualStudioVersion = 16.0.30413.136
MinimumVisualStudioVersion = 10.0.40219.1
Project("{FAE04EC0-301F-11D3-BF4B-00C04F79EFBC}") = "DBSCAN", "DBSCAN\DBSCAN.csproj", "{AF7F0CEE-E514-4FEC-B43B-76B8A4CEA874}"
EndProject
Global
	GlobalSection(SolutionConfigurationPlatforms) = preSolution
		Debug|Any CPU = Debug|Any CPU
		Release|Any CPU = Release|Any CPU
	EndGlobalSection
	GlobalSection(ProjectConfigurationPlatforms) = postSolution
		{AF7F0CEE-E514-4FEC-B43B-76B8A4CEA874}.Debug|Any CPU.ActiveCfg = Debug|Any CPU
		{AF7F0CEE-E514-4FEC-B43B-76B8A4CEA874}.Debug|Any CPU.Build.0 = Debug|Any CPU
		{AF7F0CEE-E514-4FEC-B43B-76B8A4CEA874}.Release|Any CPU.ActiveCfg = Release|Any CPU
		{AF7F0CEE-E514-4FEC-B43B-76B8A4CEA874}.Release|Any CPU.Build.0 = Release|Any CPU
	EndGlobalSection
	GlobalSection(SolutionProperties) = preSolution
		HideSolutionNode = FALSE
	EndGlobalSection
	GlobalSection(ExtensibilityGlobals) = postSolution
		SolutionGuid = {227FB0CA-0081-4CEE-B19E-5CB2734982FC}
	EndGlobalSection
EndGlobal
